// !$*UTF8*$!
{
	archiveVersion = 1;
	classes = {
	};
	objectVersion = 50;
	objects = {

/* Begin PBXBuildFile section */
		F4F4C0CD23C48DDA0098C4DA /* AppDelegate.m in Sources */ = {isa = PBXBuildFile; fileRef = F4F4C0CC23C48DDA0098C4DA /* AppDelegate.m */; };
		F4F4C0D023C48DDA0098C4DA /* ViewController.mm in Sources */ = {isa = PBXBuildFile; fileRef = F4F4C0CF23C48DDA0098C4DA /* ViewController.mm */; };
		F4F4C0D323C48DDA0098C4DA /* Main.storyboard in Resources */ = {isa = PBXBuildFile; fileRef = F4F4C0D123C48DDA0098C4DA /* Main.storyboard */; };
		F4F4C0D523C48DDB0098C4DA /* Assets.xcassets in Resources */ = {isa = PBXBuildFile; fileRef = F4F4C0D423C48DDB0098C4DA /* Assets.xcassets */; };
		F4F4C0D823C48DDB0098C4DA /* LaunchScreen.storyboard in Resources */ = {isa = PBXBuildFile; fileRef = F4F4C0D623C48DDB0098C4DA /* LaunchScreen.storyboard */; };
		F4F4C0DB23C48DDB0098C4DA /* main.m in Sources */ = {isa = PBXBuildFile; fileRef = F4F4C0DA23C48DDB0098C4DA /* main.m */; };
		F4F4C0E523C48DDB0098C4DA /* wams3testTests.m in Sources */ = {isa = PBXBuildFile; fileRef = F4F4C0E423C48DDB0098C4DA /* wams3testTests.m */; };
		F4F4C0F023C48DDB0098C4DA /* wams3testUITests.m in Sources */ = {isa = PBXBuildFile; fileRef = F4F4C0EF23C48DDB0098C4DA /* wams3testUITests.m */; };
		F4F4C11E23C490440098C4DA /* m3_compile.c in Sources */ = {isa = PBXBuildFile; fileRef = F4F4C10023C490430098C4DA /* m3_compile.c */; };
		F4F4C11F23C490440098C4DA /* m3_optimize.c in Sources */ = {isa = PBXBuildFile; fileRef = F4F4C10123C490430098C4DA /* m3_optimize.c */; };
		F4F4C12023C490440098C4DA /* m3_bind.c in Sources */ = {isa = PBXBuildFile; fileRef = F4F4C10323C490430098C4DA /* m3_bind.c */; };
		F4F4C12123C490440098C4DA /* m3_exec.c in Sources */ = {isa = PBXBuildFile; fileRef = F4F4C10723C490430098C4DA /* m3_exec.c */; };
		F4F4C12223C490440098C4DA /* m3_emit.c in Sources */ = {isa = PBXBuildFile; fileRef = F4F4C10823C490430098C4DA /* m3_emit.c */; };
		F4F4C12323C490440098C4DA /* m3_api_libc.c in Sources */ = {isa = PBXBuildFile; fileRef = F4F4C10923C490430098C4DA /* m3_api_libc.c */; };
		F4F4C12423C490440098C4DA /* m3_api_wasi.c in Sources */ = {isa = PBXBuildFile; fileRef = F4F4C10B23C490430098C4DA /* m3_api_wasi.c */; };
		F4F4C12523C490440098C4DA /* m3_env.c in Sources */ = {isa = PBXBuildFile; fileRef = F4F4C10D23C490430098C4DA /* m3_env.c */; };
		F4F4C12623C490440098C4DA /* m3_module.c in Sources */ = {isa = PBXBuildFile; fileRef = F4F4C10E23C490430098C4DA /* m3_module.c */; };
		F4F4C12723C490440098C4DA /* m3_info.c in Sources */ = {isa = PBXBuildFile; fileRef = F4F4C10F23C490430098C4DA /* m3_info.c */; };
		F4F4C12823C490440098C4DA /* m3_core.c in Sources */ = {isa = PBXBuildFile; fileRef = F4F4C11023C490430098C4DA /* m3_core.c */; };
		F4F4C12923C490440098C4DA /* m3_parse.c in Sources */ = {isa = PBXBuildFile; fileRef = F4F4C11123C490430098C4DA /* m3_parse.c */; };
		F4F4C12B23C490440098C4DA /* m3_code.c in Sources */ = {isa = PBXBuildFile; fileRef = F4F4C11923C490440098C4DA /* m3_code.c */; };
		F4F4C13423C4A09C0098C4DA /* wasm3_tiny_data in Resources */ = {isa = PBXBuildFile; fileRef = F4F4C13323C4A09C0098C4DA /* wasm3_tiny_data */; };
/* End PBXBuildFile section */

/* Begin PBXContainerItemProxy section */
		F4F4C0E123C48DDB0098C4DA /* PBXContainerItemProxy */ = {
			isa = PBXContainerItemProxy;
			containerPortal = F4F4C0C023C48DDA0098C4DA /* Project object */;
			proxyType = 1;
			remoteGlobalIDString = F4F4C0C723C48DDA0098C4DA;
			remoteInfo = wams3test;
		};
		F4F4C0EC23C48DDB0098C4DA /* PBXContainerItemProxy */ = {
			isa = PBXContainerItemProxy;
			containerPortal = F4F4C0C023C48DDA0098C4DA /* Project object */;
			proxyType = 1;
			remoteGlobalIDString = F4F4C0C723C48DDA0098C4DA;
			remoteInfo = wams3test;
		};
/* End PBXContainerItemProxy section */

/* Begin PBXFileReference section */
		F4F4C0C823C48DDA0098C4DA /* wams3test.app */ = {isa = PBXFileReference; explicitFileType = wrapper.application; includeInIndex = 0; path = wams3test.app; sourceTree = BUILT_PRODUCTS_DIR; };
		F4F4C0CB23C48DDA0098C4DA /* AppDelegate.h */ = {isa = PBXFileReference; lastKnownFileType = sourcecode.c.h; path = AppDelegate.h; sourceTree = "<group>"; };
		F4F4C0CC23C48DDA0098C4DA /* AppDelegate.m */ = {isa = PBXFileReference; lastKnownFileType = sourcecode.c.objc; path = AppDelegate.m; sourceTree = "<group>"; };
		F4F4C0CE23C48DDA0098C4DA /* ViewController.h */ = {isa = PBXFileReference; lastKnownFileType = sourcecode.c.h; path = ViewController.h; sourceTree = "<group>"; };
		F4F4C0CF23C48DDA0098C4DA /* ViewController.mm */ = {isa = PBXFileReference; lastKnownFileType = sourcecode.cpp.objcpp; path = ViewController.mm; sourceTree = "<group>"; };
		F4F4C0D223C48DDA0098C4DA /* Base */ = {isa = PBXFileReference; lastKnownFileType = file.storyboard; name = Base; path = Base.lproj/Main.storyboard; sourceTree = "<group>"; };
		F4F4C0D423C48DDB0098C4DA /* Assets.xcassets */ = {isa = PBXFileReference; lastKnownFileType = folder.assetcatalog; path = Assets.xcassets; sourceTree = "<group>"; };
		F4F4C0D723C48DDB0098C4DA /* Base */ = {isa = PBXFileReference; lastKnownFileType = file.storyboard; name = Base; path = Base.lproj/LaunchScreen.storyboard; sourceTree = "<group>"; };
		F4F4C0D923C48DDB0098C4DA /* Info.plist */ = {isa = PBXFileReference; lastKnownFileType = text.plist.xml; path = Info.plist; sourceTree = "<group>"; };
		F4F4C0DA23C48DDB0098C4DA /* main.m */ = {isa = PBXFileReference; lastKnownFileType = sourcecode.c.objc; path = main.m; sourceTree = "<group>"; };
		F4F4C0E023C48DDB0098C4DA /* wams3testTests.xctest */ = {isa = PBXFileReference; explicitFileType = wrapper.cfbundle; includeInIndex = 0; path = wams3testTests.xctest; sourceTree = BUILT_PRODUCTS_DIR; };
		F4F4C0E423C48DDB0098C4DA /* wams3testTests.m */ = {isa = PBXFileReference; lastKnownFileType = sourcecode.c.objc; path = wams3testTests.m; sourceTree = "<group>"; };
		F4F4C0E623C48DDB0098C4DA /* Info.plist */ = {isa = PBXFileReference; lastKnownFileType = text.plist.xml; path = Info.plist; sourceTree = "<group>"; };
		F4F4C0EB23C48DDB0098C4DA /* wams3testUITests.xctest */ = {isa = PBXFileReference; explicitFileType = wrapper.cfbundle; includeInIndex = 0; path = wams3testUITests.xctest; sourceTree = BUILT_PRODUCTS_DIR; };
		F4F4C0EF23C48DDB0098C4DA /* wams3testUITests.m */ = {isa = PBXFileReference; lastKnownFileType = sourcecode.c.objc; path = wams3testUITests.m; sourceTree = "<group>"; };
		F4F4C0F123C48DDB0098C4DA /* Info.plist */ = {isa = PBXFileReference; lastKnownFileType = text.plist.xml; path = Info.plist; sourceTree = "<group>"; };
		F4F4C10023C490430098C4DA /* m3_compile.c */ = {isa = PBXFileReference; fileEncoding = 4; lastKnownFileType = sourcecode.c.c; name = m3_compile.c; path = source/m3_compile.c; sourceTree = SOURCE_ROOT; };
		F4F4C10123C490430098C4DA /* m3_optimize.c */ = {isa = PBXFileReference; fileEncoding = 4; lastKnownFileType = sourcecode.c.c; name = m3_optimize.c; path = source/m3_optimize.c; sourceTree = SOURCE_ROOT; };
		F4F4C10223C490430098C4DA /* m3_math_utils.h */ = {isa = PBXFileReference; fileEncoding = 4; lastKnownFileType = sourcecode.c.h; name = m3_math_utils.h; path = source/m3_math_utils.h; sourceTree = SOURCE_ROOT; };
		F4F4C10323C490430098C4DA /* m3_bind.c */ = {isa = PBXFileReference; fileEncoding = 4; lastKnownFileType = sourcecode.c.c; name = m3_bind.c; path = source/m3_bind.c; sourceTree = SOURCE_ROOT; };
		F4F4C10423C490430098C4DA /* m3_api_defs.h */ = {isa = PBXFileReference; fileEncoding = 4; lastKnownFileType = sourcecode.c.h; name = m3_api_defs.h; path = source/m3_api_defs.h; sourceTree = SOURCE_ROOT; };
		F4F4C10523C490430098C4DA /* m3_code.h */ = {isa = PBXFileReference; fileEncoding = 4; lastKnownFileType = sourcecode.c.h; name = m3_code.h; path = source/m3_code.h; sourceTree = SOURCE_ROOT; };
		F4F4C10623C490430098C4DA /* m3_info.h */ = {isa = PBXFileReference; fileEncoding = 4; lastKnownFileType = sourcecode.c.h; name = m3_info.h; path = source/m3_info.h; sourceTree = SOURCE_ROOT; };
		F4F4C10723C490430098C4DA /* m3_exec.c */ = {isa = PBXFileReference; fileEncoding = 4; lastKnownFileType = sourcecode.c.c; name = m3_exec.c; path = source/m3_exec.c; sourceTree = SOURCE_ROOT; };
		F4F4C10823C490430098C4DA /* m3_emit.c */ = {isa = PBXFileReference; fileEncoding = 4; lastKnownFileType = sourcecode.c.c; name = m3_emit.c; path = source/m3_emit.c; sourceTree = SOURCE_ROOT; };
		F4F4C10923C490430098C4DA /* m3_api_libc.c */ = {isa = PBXFileReference; fileEncoding = 4; lastKnownFileType = sourcecode.c.c; name = m3_api_libc.c; path = source/m3_api_libc.c; sourceTree = SOURCE_ROOT; };
		F4F4C10A23C490430098C4DA /* m3_core.h */ = {isa = PBXFileReference; fileEncoding = 4; lastKnownFileType = sourcecode.c.h; name = m3_core.h; path = source/m3_core.h; sourceTree = SOURCE_ROOT; };
		F4F4C10B23C490430098C4DA /* m3_api_wasi.c */ = {isa = PBXFileReference; fileEncoding = 4; lastKnownFileType = sourcecode.c.c; name = m3_api_wasi.c; path = source/m3_api_wasi.c; sourceTree = SOURCE_ROOT; };
		F4F4C10C23C490430098C4DA /* m3_emit.h */ = {isa = PBXFileReference; fileEncoding = 4; lastKnownFileType = sourcecode.c.h; name = m3_emit.h; path = source/m3_emit.h; sourceTree = SOURCE_ROOT; };
		F4F4C10D23C490430098C4DA /* m3_env.c */ = {isa = PBXFileReference; fileEncoding = 4; lastKnownFileType = sourcecode.c.c; name = m3_env.c; path = source/m3_env.c; sourceTree = SOURCE_ROOT; };
		F4F4C10E23C490430098C4DA /* m3_module.c */ = {isa = PBXFileReference; fileEncoding = 4; lastKnownFileType = sourcecode.c.c; name = m3_module.c; path = source/m3_module.c; sourceTree = SOURCE_ROOT; };
		F4F4C10F23C490430098C4DA /* m3_info.c */ = {isa = PBXFileReference; fileEncoding = 4; lastKnownFileType = sourcecode.c.c; name = m3_info.c; path = source/m3_info.c; sourceTree = SOURCE_ROOT; };
		F4F4C11023C490430098C4DA /* m3_core.c */ = {isa = PBXFileReference; fileEncoding = 4; lastKnownFileType = sourcecode.c.c; name = m3_core.c; path = source/m3_core.c; sourceTree = SOURCE_ROOT; };
		F4F4C11123C490430098C4DA /* m3_parse.c */ = {isa = PBXFileReference; fileEncoding = 4; lastKnownFileType = sourcecode.c.c; name = m3_parse.c; path = source/m3_parse.c; sourceTree = SOURCE_ROOT; };
		F4F4C11323C490430098C4DA /* m3_compile.h */ = {isa = PBXFileReference; fileEncoding = 4; lastKnownFileType = sourcecode.c.h; name = m3_compile.h; path = source/m3_compile.h; sourceTree = SOURCE_ROOT; };
		F4F4C11423C490430098C4DA /* m3_config.h */ = {isa = PBXFileReference; fileEncoding = 4; lastKnownFileType = sourcecode.c.h; name = m3_config.h; path = source/m3_config.h; sourceTree = SOURCE_ROOT; };
		F4F4C11523C490430098C4DA /* m3_env.h */ = {isa = PBXFileReference; fileEncoding = 4; lastKnownFileType = sourcecode.c.h; name = m3_env.h; path = source/m3_env.h; sourceTree = SOURCE_ROOT; };
		F4F4C11623C490440098C4DA /* m3_api_wasi.h */ = {isa = PBXFileReference; fileEncoding = 4; lastKnownFileType = sourcecode.c.h; name = m3_api_wasi.h; path = source/m3_api_wasi.h; sourceTree = SOURCE_ROOT; };
		F4F4C11723C490440098C4DA /* m3_exec.h */ = {isa = PBXFileReference; fileEncoding = 4; lastKnownFileType = sourcecode.c.h; name = m3_exec.h; path = source/m3_exec.h; sourceTree = SOURCE_ROOT; };
		F4F4C11823C490440098C4DA /* m3_config_platforms.h */ = {isa = PBXFileReference; fileEncoding = 4; lastKnownFileType = sourcecode.c.h; name = m3_config_platforms.h; path = source/m3_config_platforms.h; sourceTree = SOURCE_ROOT; };
		F4F4C11923C490440098C4DA /* m3_code.c */ = {isa = PBXFileReference; fileEncoding = 4; lastKnownFileType = sourcecode.c.c; name = m3_code.c; path = source/m3_code.c; sourceTree = SOURCE_ROOT; };
		F4F4C11A23C490440098C4DA /* m3_exception.h */ = {isa = PBXFileReference; fileEncoding = 4; lastKnownFileType = sourcecode.c.h; name = m3_exception.h; path = source/m3_exception.h; sourceTree = SOURCE_ROOT; };
		F4F4C11B23C490440098C4DA /* m3.h */ = {isa = PBXFileReference; fileEncoding = 4; lastKnownFileType = sourcecode.c.h; name = m3.h; path = source/m3.h; sourceTree = SOURCE_ROOT; };
		F4F4C11C23C490440098C4DA /* m3_api_libc.h */ = {isa = PBXFileReference; fileEncoding = 4; lastKnownFileType = sourcecode.c.h; name = m3_api_libc.h; path = source/m3_api_libc.h; sourceTree = SOURCE_ROOT; };
		F4F4C11D23C490440098C4DA /* m3_exec_defs.h */ = {isa = PBXFileReference; fileEncoding = 4; lastKnownFileType = sourcecode.c.h; name = m3_exec_defs.h; path = source/m3_exec_defs.h; sourceTree = SOURCE_ROOT; };
		F4F4C12D23C490670098C4DA /* wasi_core.h */ = {isa = PBXFileReference; fileEncoding = 4; lastKnownFileType = sourcecode.c.h; name = wasi_core.h; path = source/extra/wasi_core.h; sourceTree = SOURCE_ROOT; };
		F4F4C12E23C490670098C4DA /* fib64.wasm.h */ = {isa = PBXFileReference; fileEncoding = 4; lastKnownFileType = sourcecode.c.h; name = fib64.wasm.h; path = source/extra/fib64.wasm.h; sourceTree = SOURCE_ROOT; };
		F4F4C12F23C490670098C4DA /* fib32_tail.wasm.h */ = {isa = PBXFileReference; fileEncoding = 4; lastKnownFileType = sourcecode.c.h; name = fib32_tail.wasm.h; path = source/extra/fib32_tail.wasm.h; sourceTree = SOURCE_ROOT; };
		F4F4C13023C490670098C4DA /* fib32.wasm.h */ = {isa = PBXFileReference; fileEncoding = 4; lastKnownFileType = sourcecode.c.h; name = fib32.wasm.h; path = source/extra/fib32.wasm.h; sourceTree = SOURCE_ROOT; };
		F4F4C13123C4A08D0098C4DA /* helloworld */ = {isa = PBXFileReference; lastKnownFileType = file; name = helloworld; path = wasm3_tiny_data/helloworld; sourceTree = "<group>"; };
		F4F4C13323C4A09C0098C4DA /* wasm3_tiny_data */ = {isa = PBXFileReference; lastKnownFileType = folder; path = wasm3_tiny_data; sourceTree = "<group>"; };
/* End PBXFileReference section */

/* Begin PBXFrameworksBuildPhase section */
		F4F4C0C523C48DDA0098C4DA /* Frameworks */ = {
			isa = PBXFrameworksBuildPhase;
			buildActionMask = 2147483647;
			files = (
			);
			runOnlyForDeploymentPostprocessing = 0;
		};
		F4F4C0DD23C48DDB0098C4DA /* Frameworks */ = {
			isa = PBXFrameworksBuildPhase;
			buildActionMask = 2147483647;
			files = (
			);
			runOnlyForDeploymentPostprocessing = 0;
		};
		F4F4C0E823C48DDB0098C4DA /* Frameworks */ = {
			isa = PBXFrameworksBuildPhase;
			buildActionMask = 2147483647;
			files = (
			);
			runOnlyForDeploymentPostprocessing = 0;
		};
/* End PBXFrameworksBuildPhase section */

/* Begin PBXGroup section */
		F4F4C0BF23C48DDA0098C4DA = {
			isa = PBXGroup;
			children = (
				F4F4C13323C4A09C0098C4DA /* wasm3_tiny_data */,
				F4F4C13123C4A08D0098C4DA /* helloworld */,
				F4F4C0FF23C490260098C4DA /* wasm3 */,
				F4F4C0CA23C48DDA0098C4DA /* wams3test */,
				F4F4C0E323C48DDB0098C4DA /* wams3testTests */,
				F4F4C0EE23C48DDB0098C4DA /* wams3testUITests */,
				F4F4C0C923C48DDA0098C4DA /* Products */,
			);
			sourceTree = "<group>";
		};
		F4F4C0C923C48DDA0098C4DA /* Products */ = {
			isa = PBXGroup;
			children = (
				F4F4C0C823C48DDA0098C4DA /* wams3test.app */,
				F4F4C0E023C48DDB0098C4DA /* wams3testTests.xctest */,
				F4F4C0EB23C48DDB0098C4DA /* wams3testUITests.xctest */,
			);
			name = Products;
			sourceTree = "<group>";
		};
		F4F4C0CA23C48DDA0098C4DA /* wams3test */ = {
			isa = PBXGroup;
			children = (
				F4F4C0CB23C48DDA0098C4DA /* AppDelegate.h */,
				F4F4C0CC23C48DDA0098C4DA /* AppDelegate.m */,
				F4F4C0CE23C48DDA0098C4DA /* ViewController.h */,
				F4F4C0CF23C48DDA0098C4DA /* ViewController.mm */,
				F4F4C0D123C48DDA0098C4DA /* Main.storyboard */,
				F4F4C0D423C48DDB0098C4DA /* Assets.xcassets */,
				F4F4C0D623C48DDB0098C4DA /* LaunchScreen.storyboard */,
				F4F4C0D923C48DDB0098C4DA /* Info.plist */,
				F4F4C0DA23C48DDB0098C4DA /* main.m */,
			);
			path = wams3test;
			sourceTree = "<group>";
		};
		F4F4C0E323C48DDB0098C4DA /* wams3testTests */ = {
			isa = PBXGroup;
			children = (
				F4F4C0E423C48DDB0098C4DA /* wams3testTests.m */,
				F4F4C0E623C48DDB0098C4DA /* Info.plist */,
			);
			path = wams3testTests;
			sourceTree = "<group>";
		};
		F4F4C0EE23C48DDB0098C4DA /* wams3testUITests */ = {
			isa = PBXGroup;
			children = (
				F4F4C0EF23C48DDB0098C4DA /* wams3testUITests.m */,
				F4F4C0F123C48DDB0098C4DA /* Info.plist */,
			);
			path = wams3testUITests;
			sourceTree = "<group>";
		};
		F4F4C0FF23C490260098C4DA /* wasm3 */ = {
			isa = PBXGroup;
			children = (
				F4F4C12C23C490550098C4DA /* extra */,
				F4F4C10423C490430098C4DA /* m3_api_defs.h */,
				F4F4C10923C490430098C4DA /* m3_api_libc.c */,
				F4F4C11C23C490440098C4DA /* m3_api_libc.h */,
				F4F4C10B23C490430098C4DA /* m3_api_wasi.c */,
				F4F4C11623C490440098C4DA /* m3_api_wasi.h */,
				F4F4C10323C490430098C4DA /* m3_bind.c */,
				F4F4C11923C490440098C4DA /* m3_code.c */,
				F4F4C10523C490430098C4DA /* m3_code.h */,
				F4F4C10023C490430098C4DA /* m3_compile.c */,
				F4F4C11323C490430098C4DA /* m3_compile.h */,
				F4F4C11823C490440098C4DA /* m3_config_platforms.h */,
				F4F4C11423C490430098C4DA /* m3_config.h */,
				F4F4C11023C490430098C4DA /* m3_core.c */,
				F4F4C10A23C490430098C4DA /* m3_core.h */,
				F4F4C10823C490430098C4DA /* m3_emit.c */,
				F4F4C10C23C490430098C4DA /* m3_emit.h */,
				F4F4C10D23C490430098C4DA /* m3_env.c */,
				F4F4C11523C490430098C4DA /* m3_env.h */,
				F4F4C11A23C490440098C4DA /* m3_exception.h */,
				F4F4C11D23C490440098C4DA /* m3_exec_defs.h */,
				F4F4C10723C490430098C4DA /* m3_exec.c */,
				F4F4C11723C490440098C4DA /* m3_exec.h */,
				F4F4C10F23C490430098C4DA /* m3_info.c */,
				F4F4C10623C490430098C4DA /* m3_info.h */,
				F4F4C10223C490430098C4DA /* m3_math_utils.h */,
				F4F4C10E23C490430098C4DA /* m3_module.c */,
				F4F4C10123C490430098C4DA /* m3_optimize.c */,
				F4F4C11123C490430098C4DA /* m3_parse.c */,
				F4F4C11B23C490440098C4DA /* m3.h */,
			);
			path = wasm3;
			sourceTree = "<group>";
		};
		F4F4C12C23C490550098C4DA /* extra */ = {
			isa = PBXGroup;
			children = (
				F4F4C12F23C490670098C4DA /* fib32_tail.wasm.h */,
				F4F4C13023C490670098C4DA /* fib32.wasm.h */,
				F4F4C12E23C490670098C4DA /* fib64.wasm.h */,
				F4F4C12D23C490670098C4DA /* wasi_core.h */,
			);
			path = extra;
			sourceTree = "<group>";
		};
/* End PBXGroup section */

/* Begin PBXNativeTarget section */
		F4F4C0C723C48DDA0098C4DA /* wams3test */ = {
			isa = PBXNativeTarget;
			buildConfigurationList = F4F4C0F423C48DDB0098C4DA /* Build configuration list for PBXNativeTarget "wams3test" */;
			buildPhases = (
				F4F4C0C423C48DDA0098C4DA /* Sources */,
				F4F4C0C523C48DDA0098C4DA /* Frameworks */,
				F4F4C0C623C48DDA0098C4DA /* Resources */,
			);
			buildRules = (
			);
			dependencies = (
			);
			name = wams3test;
			productName = wams3test;
			productReference = F4F4C0C823C48DDA0098C4DA /* wams3test.app */;
			productType = "com.apple.product-type.application";
		};
		F4F4C0DF23C48DDB0098C4DA /* wams3testTests */ = {
			isa = PBXNativeTarget;
			buildConfigurationList = F4F4C0F723C48DDB0098C4DA /* Build configuration list for PBXNativeTarget "wams3testTests" */;
			buildPhases = (
				F4F4C0DC23C48DDB0098C4DA /* Sources */,
				F4F4C0DD23C48DDB0098C4DA /* Frameworks */,
				F4F4C0DE23C48DDB0098C4DA /* Resources */,
			);
			buildRules = (
			);
			dependencies = (
				F4F4C0E223C48DDB0098C4DA /* PBXTargetDependency */,
			);
			name = wams3testTests;
			productName = wams3testTests;
			productReference = F4F4C0E023C48DDB0098C4DA /* wams3testTests.xctest */;
			productType = "com.apple.product-type.bundle.unit-test";
		};
		F4F4C0EA23C48DDB0098C4DA /* wams3testUITests */ = {
			isa = PBXNativeTarget;
			buildConfigurationList = F4F4C0FA23C48DDB0098C4DA /* Build configuration list for PBXNativeTarget "wams3testUITests" */;
			buildPhases = (
				F4F4C0E723C48DDB0098C4DA /* Sources */,
				F4F4C0E823C48DDB0098C4DA /* Frameworks */,
				F4F4C0E923C48DDB0098C4DA /* Resources */,
			);
			buildRules = (
			);
			dependencies = (
				F4F4C0ED23C48DDB0098C4DA /* PBXTargetDependency */,
			);
			name = wams3testUITests;
			productName = wams3testUITests;
			productReference = F4F4C0EB23C48DDB0098C4DA /* wams3testUITests.xctest */;
			productType = "com.apple.product-type.bundle.ui-testing";
		};
/* End PBXNativeTarget section */

/* Begin PBXProject section */
		F4F4C0C023C48DDA0098C4DA /* Project object */ = {
			isa = PBXProject;
			attributes = {
				LastUpgradeCheck = 1030;
				ORGANIZATIONNAME = zorro;
				TargetAttributes = {
					F4F4C0C723C48DDA0098C4DA = {
						CreatedOnToolsVersion = 10.3;
					};
					F4F4C0DF23C48DDB0098C4DA = {
						CreatedOnToolsVersion = 10.3;
						TestTargetID = F4F4C0C723C48DDA0098C4DA;
					};
					F4F4C0EA23C48DDB0098C4DA = {
						CreatedOnToolsVersion = 10.3;
						TestTargetID = F4F4C0C723C48DDA0098C4DA;
					};
				};
			};
			buildConfigurationList = F4F4C0C323C48DDA0098C4DA /* Build configuration list for PBXProject "wams3test" */;
			compatibilityVersion = "Xcode 9.3";
			developmentRegion = en;
			hasScannedForEncodings = 0;
			knownRegions = (
				en,
				Base,
			);
			mainGroup = F4F4C0BF23C48DDA0098C4DA;
			productRefGroup = F4F4C0C923C48DDA0098C4DA /* Products */;
			projectDirPath = "";
			projectRoot = "";
			targets = (
				F4F4C0C723C48DDA0098C4DA /* wams3test */,
				F4F4C0DF23C48DDB0098C4DA /* wams3testTests */,
				F4F4C0EA23C48DDB0098C4DA /* wams3testUITests */,
			);
		};
/* End PBXProject section */

/* Begin PBXResourcesBuildPhase section */
		F4F4C0C623C48DDA0098C4DA /* Resources */ = {
			isa = PBXResourcesBuildPhase;
			buildActionMask = 2147483647;
			files = (
				F4F4C13423C4A09C0098C4DA /* wasm3_tiny_data in Resources */,
				F4F4C0D823C48DDB0098C4DA /* LaunchScreen.storyboard in Resources */,
				F4F4C0D523C48DDB0098C4DA /* Assets.xcassets in Resources */,
				F4F4C0D323C48DDA0098C4DA /* Main.storyboard in Resources */,
			);
			runOnlyForDeploymentPostprocessing = 0;
		};
		F4F4C0DE23C48DDB0098C4DA /* Resources */ = {
			isa = PBXResourcesBuildPhase;
			buildActionMask = 2147483647;
			files = (
			);
			runOnlyForDeploymentPostprocessing = 0;
		};
		F4F4C0E923C48DDB0098C4DA /* Resources */ = {
			isa = PBXResourcesBuildPhase;
			buildActionMask = 2147483647;
			files = (
			);
			runOnlyForDeploymentPostprocessing = 0;
		};
/* End PBXResourcesBuildPhase section */

/* Begin PBXSourcesBuildPhase section */
		F4F4C0C423C48DDA0098C4DA /* Sources */ = {
			isa = PBXSourcesBuildPhase;
			buildActionMask = 2147483647;
			files = (
				F4F4C12323C490440098C4DA /* m3_api_libc.c in Sources */,
				F4F4C12723C490440098C4DA /* m3_info.c in Sources */,
				F4F4C12523C490440098C4DA /* m3_env.c in Sources */,
				F4F4C12223C490440098C4DA /* m3_emit.c in Sources */,
				F4F4C12B23C490440098C4DA /* m3_code.c in Sources */,
				F4F4C12423C490440098C4DA /* m3_api_wasi.c in Sources */,
				F4F4C12123C490440098C4DA /* m3_exec.c in Sources */,
				F4F4C0D023C48DDA0098C4DA /* ViewController.mm in Sources */,
				F4F4C11E23C490440098C4DA /* m3_compile.c in Sources */,
				F4F4C12823C490440098C4DA /* m3_core.c in Sources */,
				F4F4C12923C490440098C4DA /* m3_parse.c in Sources */,
				F4F4C0DB23C48DDB0098C4DA /* main.m in Sources */,
				F4F4C11F23C490440098C4DA /* m3_optimize.c in Sources */,
				F4F4C12623C490440098C4DA /* m3_module.c in Sources */,
				F4F4C12023C490440098C4DA /* m3_bind.c in Sources */,
				F4F4C0CD23C48DDA0098C4DA /* AppDelegate.m in Sources */,
			);
			runOnlyForDeploymentPostprocessing = 0;
		};
		F4F4C0DC23C48DDB0098C4DA /* Sources */ = {
			isa = PBXSourcesBuildPhase;
			buildActionMask = 2147483647;
			files = (
				F4F4C0E523C48DDB0098C4DA /* wams3testTests.m in Sources */,
			);
			runOnlyForDeploymentPostprocessing = 0;
		};
		F4F4C0E723C48DDB0098C4DA /* Sources */ = {
			isa = PBXSourcesBuildPhase;
			buildActionMask = 2147483647;
			files = (
				F4F4C0F023C48DDB0098C4DA /* wams3testUITests.m in Sources */,
			);
			runOnlyForDeploymentPostprocessing = 0;
		};
/* End PBXSourcesBuildPhase section */

/* Begin PBXTargetDependency section */
		F4F4C0E223C48DDB0098C4DA /* PBXTargetDependency */ = {
			isa = PBXTargetDependency;
			target = F4F4C0C723C48DDA0098C4DA /* wams3test */;
			targetProxy = F4F4C0E123C48DDB0098C4DA /* PBXContainerItemProxy */;
		};
		F4F4C0ED23C48DDB0098C4DA /* PBXTargetDependency */ = {
			isa = PBXTargetDependency;
			target = F4F4C0C723C48DDA0098C4DA /* wams3test */;
			targetProxy = F4F4C0EC23C48DDB0098C4DA /* PBXContainerItemProxy */;
		};
/* End PBXTargetDependency section */

/* Begin PBXVariantGroup section */
		F4F4C0D123C48DDA0098C4DA /* Main.storyboard */ = {
			isa = PBXVariantGroup;
			children = (
				F4F4C0D223C48DDA0098C4DA /* Base */,
			);
			name = Main.storyboard;
			sourceTree = "<group>";
		};
		F4F4C0D623C48DDB0098C4DA /* LaunchScreen.storyboard */ = {
			isa = PBXVariantGroup;
			children = (
				F4F4C0D723C48DDB0098C4DA /* Base */,
			);
			name = LaunchScreen.storyboard;
			sourceTree = "<group>";
		};
/* End PBXVariantGroup section */

/* Begin XCBuildConfiguration section */
		F4F4C0F223C48DDB0098C4DA /* Debug */ = {
			isa = XCBuildConfiguration;
			buildSettings = {
				ALWAYS_SEARCH_USER_PATHS = NO;
				CLANG_ANALYZER_NONNULL = YES;
				CLANG_ANALYZER_NUMBER_OBJECT_CONVERSION = YES_AGGRESSIVE;
				CLANG_CXX_LANGUAGE_STANDARD = "gnu++14";
				CLANG_CXX_LIBRARY = "libc++";
				CLANG_ENABLE_MODULES = YES;
				CLANG_ENABLE_OBJC_ARC = YES;
				CLANG_ENABLE_OBJC_WEAK = YES;
				CLANG_WARN_BLOCK_CAPTURE_AUTORELEASING = YES;
				CLANG_WARN_BOOL_CONVERSION = YES;
				CLANG_WARN_COMMA = YES;
				CLANG_WARN_CONSTANT_CONVERSION = YES;
				CLANG_WARN_DEPRECATED_OBJC_IMPLEMENTATIONS = YES;
				CLANG_WARN_DIRECT_OBJC_ISA_USAGE = YES_ERROR;
				CLANG_WARN_DOCUMENTATION_COMMENTS = YES;
				CLANG_WARN_EMPTY_BODY = YES;
				CLANG_WARN_ENUM_CONVERSION = YES;
				CLANG_WARN_INFINITE_RECURSION = YES;
				CLANG_WARN_INT_CONVERSION = YES;
				CLANG_WARN_NON_LITERAL_NULL_CONVERSION = YES;
				CLANG_WARN_OBJC_IMPLICIT_RETAIN_SELF = YES;
				CLANG_WARN_OBJC_LITERAL_CONVERSION = YES;
				CLANG_WARN_OBJC_ROOT_CLASS = YES_ERROR;
				CLANG_WARN_RANGE_LOOP_ANALYSIS = YES;
				CLANG_WARN_STRICT_PROTOTYPES = YES;
				CLANG_WARN_SUSPICIOUS_MOVE = YES;
				CLANG_WARN_UNGUARDED_AVAILABILITY = YES_AGGRESSIVE;
				CLANG_WARN_UNREACHABLE_CODE = YES;
				CLANG_WARN__DUPLICATE_METHOD_MATCH = YES;
				CODE_SIGN_IDENTITY = "iPhone Developer";
				COPY_PHASE_STRIP = NO;
				DEBUG_INFORMATION_FORMAT = dwarf;
				ENABLE_STRICT_OBJC_MSGSEND = YES;
				ENABLE_TESTABILITY = YES;
				GCC_C_LANGUAGE_STANDARD = gnu11;
				GCC_DYNAMIC_NO_PIC = NO;
				GCC_NO_COMMON_BLOCKS = YES;
				GCC_OPTIMIZATION_LEVEL = 0;
				GCC_PREPROCESSOR_DEFINITIONS = (
					"DEBUG=1",
					"$(inherited)",
				);
				GCC_WARN_64_TO_32_BIT_CONVERSION = YES;
				GCC_WARN_ABOUT_RETURN_TYPE = YES_ERROR;
				GCC_WARN_UNDECLARED_SELECTOR = YES;
				GCC_WARN_UNINITIALIZED_AUTOS = YES_AGGRESSIVE;
				GCC_WARN_UNUSED_FUNCTION = YES;
				GCC_WARN_UNUSED_VARIABLE = YES;
				IPHONEOS_DEPLOYMENT_TARGET = 12.4;
				MTL_ENABLE_DEBUG_INFO = INCLUDE_SOURCE;
				MTL_FAST_MATH = YES;
				ONLY_ACTIVE_ARCH = YES;
				SDKROOT = iphoneos;
			};
			name = Debug;
		};
		F4F4C0F323C48DDB0098C4DA /* Release */ = {
			isa = XCBuildConfiguration;
			buildSettings = {
				ALWAYS_SEARCH_USER_PATHS = NO;
				CLANG_ANALYZER_NONNULL = YES;
				CLANG_ANALYZER_NUMBER_OBJECT_CONVERSION = YES_AGGRESSIVE;
				CLANG_CXX_LANGUAGE_STANDARD = "gnu++14";
				CLANG_CXX_LIBRARY = "libc++";
				CLANG_ENABLE_MODULES = YES;
				CLANG_ENABLE_OBJC_ARC = YES;
				CLANG_ENABLE_OBJC_WEAK = YES;
				CLANG_WARN_BLOCK_CAPTURE_AUTORELEASING = YES;
				CLANG_WARN_BOOL_CONVERSION = YES;
				CLANG_WARN_COMMA = YES;
				CLANG_WARN_CONSTANT_CONVERSION = YES;
				CLANG_WARN_DEPRECATED_OBJC_IMPLEMENTATIONS = YES;
				CLANG_WARN_DIRECT_OBJC_ISA_USAGE = YES_ERROR;
				CLANG_WARN_DOCUMENTATION_COMMENTS = YES;
				CLANG_WARN_EMPTY_BODY = YES;
				CLANG_WARN_ENUM_CONVERSION = YES;
				CLANG_WARN_INFINITE_RECURSION = YES;
				CLANG_WARN_INT_CONVERSION = YES;
				CLANG_WARN_NON_LITERAL_NULL_CONVERSION = YES;
				CLANG_WARN_OBJC_IMPLICIT_RETAIN_SELF = YES;
				CLANG_WARN_OBJC_LITERAL_CONVERSION = YES;
				CLANG_WARN_OBJC_ROOT_CLASS = YES_ERROR;
				CLANG_WARN_RANGE_LOOP_ANALYSIS = YES;
				CLANG_WARN_STRICT_PROTOTYPES = YES;
				CLANG_WARN_SUSPICIOUS_MOVE = YES;
				CLANG_WARN_UNGUARDED_AVAILABILITY = YES_AGGRESSIVE;
				CLANG_WARN_UNREACHABLE_CODE = YES;
				CLANG_WARN__DUPLICATE_METHOD_MATCH = YES;
				CODE_SIGN_IDENTITY = "iPhone Developer";
				COPY_PHASE_STRIP = NO;
				DEBUG_INFORMATION_FORMAT = "dwarf-with-dsym";
				ENABLE_NS_ASSERTIONS = NO;
				ENABLE_STRICT_OBJC_MSGSEND = YES;
				GCC_C_LANGUAGE_STANDARD = gnu11;
				GCC_NO_COMMON_BLOCKS = YES;
				GCC_WARN_64_TO_32_BIT_CONVERSION = YES;
				GCC_WARN_ABOUT_RETURN_TYPE = YES_ERROR;
				GCC_WARN_UNDECLARED_SELECTOR = YES;
				GCC_WARN_UNINITIALIZED_AUTOS = YES_AGGRESSIVE;
				GCC_WARN_UNUSED_FUNCTION = YES;
				GCC_WARN_UNUSED_VARIABLE = YES;
				IPHONEOS_DEPLOYMENT_TARGET = 12.4;
				MTL_ENABLE_DEBUG_INFO = NO;
				MTL_FAST_MATH = YES;
				SDKROOT = iphoneos;
				VALIDATE_PRODUCT = YES;
			};
			name = Release;
		};
		F4F4C0F523C48DDB0098C4DA /* Debug */ = {
			isa = XCBuildConfiguration;
			buildSettings = {
				ASSETCATALOG_COMPILER_APPICON_NAME = AppIcon;
				CODE_SIGN_STYLE = Automatic;
				DEVELOPMENT_TEAM = Z6SFPV59E3;
				GCC_INPUT_FILETYPE = automatic;
				HEADER_SEARCH_PATHS = source;
				INFOPLIST_FILE = wams3test/Info.plist;
				LD_RUNPATH_SEARCH_PATHS = (
					"$(inherited)",
					"@executable_path/Frameworks",
				);
				OTHER_CFLAGS = "-Dd_m3HasWASI";
				PRODUCT_BUNDLE_IDENTIFIER = com.zorro.testunity.wams3test;
				PRODUCT_NAME = "$(TARGET_NAME)";
				TARGETED_DEVICE_FAMILY = "1,2";
			};
			name = Debug;
		};
		F4F4C0F623C48DDB0098C4DA /* Release */ = {
			isa = XCBuildConfiguration;
			buildSettings = {
				ASSETCATALOG_COMPILER_APPICON_NAME = AppIcon;
				CODE_SIGN_STYLE = Automatic;
				DEVELOPMENT_TEAM = Z6SFPV59E3;
				GCC_INPUT_FILETYPE = automatic;
				HEADER_SEARCH_PATHS = source;
				INFOPLIST_FILE = wams3test/Info.plist;
				LD_RUNPATH_SEARCH_PATHS = (
					"$(inherited)",
					"@executable_path/Frameworks",
				);
				OTHER_CFLAGS = "-Dd_m3HasWASI";
				PRODUCT_BUNDLE_IDENTIFIER = com.zorro.testunity.wams3test;
				PRODUCT_NAME = "$(TARGET_NAME)";
				TARGETED_DEVICE_FAMILY = "1,2";
			};
			name = Release;
		};
		F4F4C0F823C48DDB0098C4DA /* Debug */ = {
			isa = XCBuildConfiguration;
			buildSettings = {
				BUNDLE_LOADER = "$(TEST_HOST)";
				CODE_SIGN_STYLE = Automatic;
				DEVELOPMENT_TEAM = Z6SFPV59E3;
				INFOPLIST_FILE = wams3testTests/Info.plist;
				LD_RUNPATH_SEARCH_PATHS = (
					"$(inherited)",
					"@executable_path/Frameworks",
					"@loader_path/Frameworks",
				);
				PRODUCT_BUNDLE_IDENTIFIER = com.zorro.testunity.wams3testTests;
				PRODUCT_NAME = "$(TARGET_NAME)";
				TARGETED_DEVICE_FAMILY = "1,2";
				TEST_HOST = "$(BUILT_PRODUCTS_DIR)/wams3test.app/wams3test";
			};
			name = Debug;
		};
		F4F4C0F923C48DDB0098C4DA /* Release */ = {
			isa = XCBuildConfiguration;
			buildSettings = {
				BUNDLE_LOADER = "$(TEST_HOST)";
				CODE_SIGN_STYLE = Automatic;
				DEVELOPMENT_TEAM = Z6SFPV59E3;
				INFOPLIST_FILE = wams3testTests/Info.plist;
				LD_RUNPATH_SEARCH_PATHS = (
					"$(inherited)",
					"@executable_path/Frameworks",
					"@loader_path/Frameworks",
				);
				PRODUCT_BUNDLE_IDENTIFIER = com.zorro.testunity.wams3testTests;
				PRODUCT_NAME = "$(TARGET_NAME)";
				TARGETED_DEVICE_FAMILY = "1,2";
				TEST_HOST = "$(BUILT_PRODUCTS_DIR)/wams3test.app/wams3test";
			};
			name = Release;
		};
		F4F4C0FB23C48DDB0098C4DA /* Debug */ = {
			isa = XCBuildConfiguration;
			buildSettings = {
				CODE_SIGN_STYLE = Automatic;
				DEVELOPMENT_TEAM = Z6SFPV59E3;
				INFOPLIST_FILE = wams3testUITests/Info.plist;
				LD_RUNPATH_SEARCH_PATHS = (
					"$(inherited)",
					"@executable_path/Frameworks",
					"@loader_path/Frameworks",
				);
				PRODUCT_BUNDLE_IDENTIFIER = com.zorro.testunity.wams3testUITests;
				PRODUCT_NAME = "$(TARGET_NAME)";
				TARGETED_DEVICE_FAMILY = "1,2";
				TEST_TARGET_NAME = wams3test;
			};
			name = Debug;
		};
		F4F4C0FC23C48DDB0098C4DA /* Release */ = {
			isa = XCBuildConfiguration;
			buildSettings = {
				CODE_SIGN_STYLE = Automatic;
				DEVELOPMENT_TEAM = Z6SFPV59E3;
				INFOPLIST_FILE = wams3testUITests/Info.plist;
				LD_RUNPATH_SEARCH_PATHS = (
					"$(inherited)",
					"@executable_path/Frameworks",
					"@loader_path/Frameworks",
				);
				PRODUCT_BUNDLE_IDENTIFIER = com.zorro.testunity.wams3testUITests;
				PRODUCT_NAME = "$(TARGET_NAME)";
				TARGETED_DEVICE_FAMILY = "1,2";
				TEST_TARGET_NAME = wams3test;
			};
			name = Release;
		};
/* End XCBuildConfiguration section */

/* Begin XCConfigurationList section */
		F4F4C0C323C48DDA0098C4DA /* Build configuration list for PBXProject "wams3test" */ = {
			isa = XCConfigurationList;
			buildConfigurations = (
				F4F4C0F223C48DDB0098C4DA /* Debug */,
				F4F4C0F323C48DDB0098C4DA /* Release */,
			);
			defaultConfigurationIsVisible = 0;
			defaultConfigurationName = Release;
		};
		F4F4C0F423C48DDB0098C4DA /* Build configuration list for PBXNativeTarget "wams3test" */ = {
			isa = XCConfigurationList;
			buildConfigurations = (
				F4F4C0F523C48DDB0098C4DA /* Debug */,
				F4F4C0F623C48DDB0098C4DA /* Release */,
			);
			defaultConfigurationIsVisible = 0;
			defaultConfigurationName = Release;
		};
		F4F4C0F723C48DDB0098C4DA /* Build configuration list for PBXNativeTarget "wams3testTests" */ = {
			isa = XCConfigurationList;
			buildConfigurations = (
				F4F4C0F823C48DDB0098C4DA /* Debug */,
				F4F4C0F923C48DDB0098C4DA /* Release */,
			);
			defaultConfigurationIsVisible = 0;
			defaultConfigurationName = Release;
		};
		F4F4C0FA23C48DDB0098C4DA /* Build configuration list for PBXNativeTarget "wams3testUITests" */ = {
			isa = XCConfigurationList;
			buildConfigurations = (
				F4F4C0FB23C48DDB0098C4DA /* Debug */,
				F4F4C0FC23C48DDB0098C4DA /* Release */,
			);
			defaultConfigurationIsVisible = 0;
			defaultConfigurationName = Release;
		};
/* End XCConfigurationList section */
	};
	rootObject = F4F4C0C023C48DDA0098C4DA /* Project object */;
}
